{
    "version": 3,
    "terraform_version": "0.11.8",
    "serial": 2,
    "lineage": "6c2400c1-4673-f274-7697-b9d88b43faa2",
    "modules": [
        {
            "path": [
                "root"
            ],
            "outputs": {},
            "resources": {},
            "depends_on": []
        },
        {
            "path": [
                "root",
                "bastion"
            ],
            "outputs": {},
            "resources": {
                "aws_security_group.NSOT_region1": {
                    "type": "aws_security_group",
                    "depends_on": [
                        "random_id.sshkey"
                    ],
                    "primary": {
                        "id": "sg-00c844efa5e5ccd8f",
                        "attributes": {
                            "arn": "arn:aws:ec2:us-east-1:868142946333:security-group/sg-00c844efa5e5ccd8f",
                            "description": "Allow incoming traffic",
                            "egress.#": "1",
                            "egress.482069346.cidr_blocks.#": "1",
                            "egress.482069346.cidr_blocks.0": "0.0.0.0/0",
                            "egress.482069346.description": "",
                            "egress.482069346.from_port": "0",
                            "egress.482069346.ipv6_cidr_blocks.#": "0",
                            "egress.482069346.prefix_list_ids.#": "0",
                            "egress.482069346.protocol": "-1",
                            "egress.482069346.security_groups.#": "0",
                            "egress.482069346.self": "false",
                            "egress.482069346.to_port": "0",
                            "id": "sg-00c844efa5e5ccd8f",
                            "ingress.#": "2",
                            "ingress.2541437006.cidr_blocks.#": "1",
                            "ingress.2541437006.cidr_blocks.0": "0.0.0.0/0",
                            "ingress.2541437006.description": "",
                            "ingress.2541437006.from_port": "22",
                            "ingress.2541437006.ipv6_cidr_blocks.#": "0",
                            "ingress.2541437006.prefix_list_ids.#": "0",
                            "ingress.2541437006.protocol": "tcp",
                            "ingress.2541437006.security_groups.#": "0",
                            "ingress.2541437006.self": "false",
                            "ingress.2541437006.to_port": "22",
                            "ingress.956249133.cidr_blocks.#": "1",
                            "ingress.956249133.cidr_blocks.0": "10.0.0.0/8",
                            "ingress.956249133.description": "",
                            "ingress.956249133.from_port": "0",
                            "ingress.956249133.ipv6_cidr_blocks.#": "0",
                            "ingress.956249133.prefix_list_ids.#": "0",
                            "ingress.956249133.protocol": "-1",
                            "ingress.956249133.security_groups.#": "0",
                            "ingress.956249133.self": "false",
                            "ingress.956249133.to_port": "0",
                            "name": "terraform-20181024175426198100000001",
                            "owner_id": "868142946333",
                            "revoke_rules_on_delete": "false",
                            "tags.%": "3",
                            "tags.key": "t_environment",
                            "tags.propagate_at_launch": "1",
                            "tags.value": "Test",
                            "vpc_id": "vpc-053c40eb4f7d7e578"
                        },
                        "meta": {
                            "e2bfb730-ecaa-11e6-8f88-34363bc7c4c0": {
                                "create": 600000000000,
                                "delete": 600000000000
                            },
                            "schema_version": "1"
                        },
                        "tainted": false
                    },
                    "deposed": [],
                    "provider": "provider.aws"
                },
                "data.template_file.init": {
                    "type": "template_file",
                    "depends_on": [],
                    "primary": {
                        "id": "e6fd091958eda5336a82b4f3da5a39efece9846f0d82330922258edfa89d3b85",
                        "attributes": {
                            "id": "e6fd091958eda5336a82b4f3da5a39efece9846f0d82330922258edfa89d3b85",
                            "rendered": "#cloud-config\nmanage_resolve_conf: true\nresolv_conf:\n  nameservers: ['8.8.8.8', '4.2.2.4']\n  options:\n    rotate: true\n    timeout: 1\nhostname: \"nsot-bastion\"\npackages:\n  - build-essential\n  - python-dev\n  - libffi-dev\n  - libssl-dev\n  - python\n  - python-pip\n  - git\n  - docker.io\n  - traceroute\n  - mtr\n\n",
                            "template": "#cloud-config\nmanage_resolve_conf: true\nresolv_conf:\n  nameservers: ['8.8.8.8', '4.2.2.4']\n  options:\n    rotate: true\n    timeout: 1\nhostname: \"nsot-bastion\"\npackages:\n  - build-essential\n  - python-dev\n  - libffi-dev\n  - libssl-dev\n  - python\n  - python-pip\n  - git\n  - docker.io\n  - traceroute\n  - mtr\n\n"
                        },
                        "meta": {},
                        "tainted": false
                    },
                    "deposed": [],
                    "provider": "provider.template"
                },
                "random_id.sshkey": {
                    "type": "random_id",
                    "depends_on": [],
                    "primary": {
                        "id": "1vBYQO1GrD4",
                        "attributes": {
                            "b64": "1vBYQO1GrD4",
                            "b64_std": "1vBYQO1GrD4=",
                            "b64_url": "1vBYQO1GrD4",
                            "byte_length": "8",
                            "dec": "15487976154409118782",
                            "hex": "d6f05840ed46ac3e",
                            "id": "1vBYQO1GrD4"
                        },
                        "meta": {},
                        "tainted": false
                    },
                    "deposed": [],
                    "provider": "provider.random"
                }
            },
            "depends_on": []
        },
        {
            "path": [
                "root",
                "elb"
            ],
            "outputs": {
                "NSOT-ELB-DNS": {
                    "sensitive": false,
                    "type": "string",
                    "value": "NSOT-prod-elb-2011902807.us-east-1.elb.amazonaws.com"
                },
                "elb_id": {
                    "sensitive": false,
                    "type": "string",
                    "value": "NSOT-prod-elb"
                }
            },
            "resources": {
                "aws_elb.NSOT": {
                    "type": "aws_elb",
                    "depends_on": [
                        "aws_security_group.NSOT_ELB"
                    ],
                    "primary": {
                        "id": "NSOT-prod-elb",
                        "attributes": {
                            "access_logs.#": "0",
                            "arn": "arn:aws:elasticloadbalancing:us-east-1:868142946333:loadbalancer/NSOT-prod-elb",
                            "availability_zones.#": "2",
                            "availability_zones.1305112097": "us-east-1b",
                            "availability_zones.3569565595": "us-east-1a",
                            "connection_draining": "true",
                            "connection_draining_timeout": "400",
                            "cross_zone_load_balancing": "true",
                            "dns_name": "NSOT-prod-elb-2011902807.us-east-1.elb.amazonaws.com",
                            "health_check.#": "1",
                            "health_check.0.healthy_threshold": "2",
                            "health_check.0.interval": "30",
                            "health_check.0.target": "HTTP:8990/",
                            "health_check.0.timeout": "3",
                            "health_check.0.unhealthy_threshold": "2",
                            "id": "NSOT-prod-elb",
                            "idle_timeout": "400",
                            "instances.#": "0",
                            "internal": "false",
                            "listener.#": "1",
                            "listener.2516082653.instance_port": "8990",
                            "listener.2516082653.instance_protocol": "http",
                            "listener.2516082653.lb_port": "80",
                            "listener.2516082653.lb_protocol": "http",
                            "listener.2516082653.ssl_certificate_id": "",
                            "name": "NSOT-prod-elb",
                            "security_groups.#": "1",
                            "security_groups.2617650947": "sg-00f935cafbccbede4",
                            "source_security_group": "868142946333/nsot-sg-b4c347483ed7eab1",
                            "source_security_group_id": "sg-00f935cafbccbede4",
                            "subnets.#": "2",
                            "subnets.3295823832": "subnet-048b51017ee3b954c",
                            "subnets.4094496443": "subnet-0b00d339249d5b579",
                            "tags.%": "1",
                            "tags.Name": "nsot-elb-tf",
                            "zone_id": "Z35SXDOTRQ7X7K"
                        },
                        "meta": {},
                        "tainted": false
                    },
                    "deposed": [],
                    "provider": "provider.aws"
                },
                "aws_security_group.NSOT_ELB": {
                    "type": "aws_security_group",
                    "depends_on": [
                        "random_id.sshkey2"
                    ],
                    "primary": {
                        "id": "sg-00f935cafbccbede4",
                        "attributes": {
                            "arn": "arn:aws:ec2:us-east-1:868142946333:security-group/sg-00f935cafbccbede4",
                            "description": "Allow incoming traffic",
                            "egress.#": "1",
                            "egress.482069346.cidr_blocks.#": "1",
                            "egress.482069346.cidr_blocks.0": "0.0.0.0/0",
                            "egress.482069346.description": "",
                            "egress.482069346.from_port": "0",
                            "egress.482069346.ipv6_cidr_blocks.#": "0",
                            "egress.482069346.prefix_list_ids.#": "0",
                            "egress.482069346.protocol": "-1",
                            "egress.482069346.security_groups.#": "0",
                            "egress.482069346.self": "false",
                            "egress.482069346.to_port": "0",
                            "id": "sg-00f935cafbccbede4",
                            "ingress.#": "1",
                            "ingress.2214680975.cidr_blocks.#": "1",
                            "ingress.2214680975.cidr_blocks.0": "0.0.0.0/0",
                            "ingress.2214680975.description": "",
                            "ingress.2214680975.from_port": "80",
                            "ingress.2214680975.ipv6_cidr_blocks.#": "0",
                            "ingress.2214680975.prefix_list_ids.#": "0",
                            "ingress.2214680975.protocol": "tcp",
                            "ingress.2214680975.security_groups.#": "0",
                            "ingress.2214680975.self": "false",
                            "ingress.2214680975.to_port": "80",
                            "name": "nsot-sg-b4c347483ed7eab1",
                            "owner_id": "868142946333",
                            "revoke_rules_on_delete": "false",
                            "tags.%": "2",
                            "tags.Name": "nsot-SG",
                            "tags.environment": "nsot test",
                            "vpc_id": "vpc-053c40eb4f7d7e578"
                        },
                        "meta": {
                            "e2bfb730-ecaa-11e6-8f88-34363bc7c4c0": {
                                "create": 600000000000,
                                "delete": 600000000000
                            },
                            "schema_version": "1"
                        },
                        "tainted": false
                    },
                    "deposed": [],
                    "provider": "provider.aws"
                },
                "random_id.sshkey2": {
                    "type": "random_id",
                    "depends_on": [],
                    "primary": {
                        "id": "tMNHSD7X6rE",
                        "attributes": {
                            "b64": "tMNHSD7X6rE",
                            "b64_std": "tMNHSD7X6rE=",
                            "b64_url": "tMNHSD7X6rE",
                            "byte_length": "8",
                            "dec": "13025332922903161521",
                            "hex": "b4c347483ed7eab1",
                            "id": "tMNHSD7X6rE"
                        },
                        "meta": {},
                        "tainted": false
                    },
                    "deposed": [],
                    "provider": "provider.random"
                }
            },
            "depends_on": []
        },
        {
            "path": [
                "root",
                "logs"
            ],
            "outputs": {},
            "resources": {},
            "depends_on": []
        },
        {
            "path": [
                "root",
                "nsot"
            ],
            "outputs": {
                "keyname": {
                    "sensitive": false,
                    "type": "string",
                    "value": "nsot-admin-f9a902927a4a541b"
                },
                "keypath": {
                    "sensitive": false,
                    "type": "string",
                    "value": "ssh-rsa AAAAB3NzaC1yc2EAAAADAQABAAABAQC2+wwuWk9JGoQYAtCKxGxzO3hrpQ8bZjYjKoDgKVdV3UutkiFSdGmoBw+Y3s2GPYIbDUSILPnUepOa1/uOXD52alzHBIr6NuxV+xnPW1o4n8yqjkSH1wnqNq8zps0fGg2IlrvK6+MPZ8tfyVIgoNRtoUL/nqDTeH4xscgmNKFRv3357+2CJ5tOf9Idn3U/Yqj8kb0YLUX85DljLTxbSMzzFefP2mCH0EYCdMvHoaU3C7n+6s5OiYLqiRCjkQ95rXxEW3fQvRi99oOdqf+z8HuKZ8Cn8KTzdneXDiCRPMIun/hXMPvIS552An0aTNJFqjN7hEidhyY0V37PeyT6MWCf root@ubuntu"
                }
            },
            "resources": {
                "aws_key_pair.cosmos-admin": {
                    "type": "aws_key_pair",
                    "depends_on": [
                        "random_id.sshkey"
                    ],
                    "primary": {
                        "id": "nsot-admin-f9a902927a4a541b",
                        "attributes": {
                            "fingerprint": "51:05:31:26:cb:9f:28:f3:76:c6:92:3c:c1:4d:ad:7f",
                            "id": "nsot-admin-f9a902927a4a541b",
                            "key_name": "nsot-admin-f9a902927a4a541b",
                            "public_key": "ssh-rsa AAAAB3NzaC1yc2EAAAADAQABAAABAQC2+wwuWk9JGoQYAtCKxGxzO3hrpQ8bZjYjKoDgKVdV3UutkiFSdGmoBw+Y3s2GPYIbDUSILPnUepOa1/uOXD52alzHBIr6NuxV+xnPW1o4n8yqjkSH1wnqNq8zps0fGg2IlrvK6+MPZ8tfyVIgoNRtoUL/nqDTeH4xscgmNKFRv3357+2CJ5tOf9Idn3U/Yqj8kb0YLUX85DljLTxbSMzzFefP2mCH0EYCdMvHoaU3C7n+6s5OiYLqiRCjkQ95rXxEW3fQvRi99oOdqf+z8HuKZ8Cn8KTzdneXDiCRPMIun/hXMPvIS552An0aTNJFqjN7hEidhyY0V37PeyT6MWCf root@ubuntu"
                        },
                        "meta": {
                            "schema_version": "1"
                        },
                        "tainted": false
                    },
                    "deposed": [],
                    "provider": "provider.aws"
                },
                "aws_security_group.cosmos-NSOT_region1": {
                    "type": "aws_security_group",
                    "depends_on": [
                        "random_id.sshkey"
                    ],
                    "primary": {
                        "id": "sg-0d3f7c0181a95e36b",
                        "attributes": {
                            "arn": "arn:aws:ec2:us-east-1:868142946333:security-group/sg-0d3f7c0181a95e36b",
                            "description": "Allow incoming traffic",
                            "egress.#": "1",
                            "egress.482069346.cidr_blocks.#": "1",
                            "egress.482069346.cidr_blocks.0": "0.0.0.0/0",
                            "egress.482069346.description": "",
                            "egress.482069346.from_port": "0",
                            "egress.482069346.ipv6_cidr_blocks.#": "0",
                            "egress.482069346.prefix_list_ids.#": "0",
                            "egress.482069346.protocol": "-1",
                            "egress.482069346.security_groups.#": "0",
                            "egress.482069346.self": "false",
                            "egress.482069346.to_port": "0",
                            "id": "sg-0d3f7c0181a95e36b",
                            "ingress.#": "3",
                            "ingress.179083333.cidr_blocks.#": "1",
                            "ingress.179083333.cidr_blocks.0": "10.0.0.0/8",
                            "ingress.179083333.description": "",
                            "ingress.179083333.from_port": "22",
                            "ingress.179083333.ipv6_cidr_blocks.#": "0",
                            "ingress.179083333.prefix_list_ids.#": "0",
                            "ingress.179083333.protocol": "tcp",
                            "ingress.179083333.security_groups.#": "0",
                            "ingress.179083333.self": "false",
                            "ingress.179083333.to_port": "22",
                            "ingress.452028301.cidr_blocks.#": "1",
                            "ingress.452028301.cidr_blocks.0": "0.0.0.0/0",
                            "ingress.452028301.description": "",
                            "ingress.452028301.from_port": "8990",
                            "ingress.452028301.ipv6_cidr_blocks.#": "0",
                            "ingress.452028301.prefix_list_ids.#": "0",
                            "ingress.452028301.protocol": "tcp",
                            "ingress.452028301.security_groups.#": "0",
                            "ingress.452028301.self": "false",
                            "ingress.452028301.to_port": "8990",
                            "ingress.956249133.cidr_blocks.#": "1",
                            "ingress.956249133.cidr_blocks.0": "10.0.0.0/8",
                            "ingress.956249133.description": "",
                            "ingress.956249133.from_port": "0",
                            "ingress.956249133.ipv6_cidr_blocks.#": "0",
                            "ingress.956249133.prefix_list_ids.#": "0",
                            "ingress.956249133.protocol": "-1",
                            "ingress.956249133.security_groups.#": "0",
                            "ingress.956249133.self": "false",
                            "ingress.956249133.to_port": "0",
                            "name": "terraform-20181024175426333200000002",
                            "owner_id": "868142946333",
                            "revoke_rules_on_delete": "false",
                            "tags.%": "3",
                            "tags.key": "t_environment",
                            "tags.propagate_at_launch": "1",
                            "tags.value": "Test",
                            "vpc_id": "vpc-053c40eb4f7d7e578"
                        },
                        "meta": {
                            "e2bfb730-ecaa-11e6-8f88-34363bc7c4c0": {
                                "create": 600000000000,
                                "delete": 600000000000
                            },
                            "schema_version": "1"
                        },
                        "tainted": false
                    },
                    "deposed": [],
                    "provider": "provider.aws"
                },
                "random_id.sshkey": {
                    "type": "random_id",
                    "depends_on": [],
                    "primary": {
                        "id": "-akCknpKVBs",
                        "attributes": {
                            "b64": "-akCknpKVBs",
                            "b64_std": "+akCknpKVBs=",
                            "b64_url": "-akCknpKVBs",
                            "byte_length": "8",
                            "dec": "17989913014648329243",
                            "hex": "f9a902927a4a541b",
                            "id": "-akCknpKVBs"
                        },
                        "meta": {},
                        "tainted": false
                    },
                    "deposed": [],
                    "provider": "provider.random"
                }
            },
            "depends_on": []
        },
        {
            "path": [
                "root",
                "rds"
            ],
            "outputs": {
                "security_group_id": {
                    "sensitive": false,
                    "type": "string",
                    "value": "sg-012d1d24a86c0c823"
                }
            },
            "resources": {
                "aws_security_group.main_db_access": {
                    "type": "aws_security_group",
                    "depends_on": [],
                    "primary": {
                        "id": "sg-012d1d24a86c0c823",
                        "attributes": {
                            "arn": "arn:aws:ec2:us-east-1:868142946333:security-group/sg-012d1d24a86c0c823",
                            "description": "Allow access to the database",
                            "egress.#": "0",
                            "id": "sg-012d1d24a86c0c823",
                            "ingress.#": "0",
                            "name": "nsottest-access",
                            "owner_id": "868142946333",
                            "revoke_rules_on_delete": "false",
                            "tags.%": "1",
                            "tags.Name": "nsottest",
                            "vpc_id": "vpc-053c40eb4f7d7e578"
                        },
                        "meta": {
                            "e2bfb730-ecaa-11e6-8f88-34363bc7c4c0": {
                                "create": 600000000000,
                                "delete": 600000000000
                            },
                            "schema_version": "1"
                        },
                        "tainted": false
                    },
                    "deposed": [],
                    "provider": "provider.aws"
                },
                "aws_security_group_rule.allow_all_outbound": {
                    "type": "aws_security_group_rule",
                    "depends_on": [
                        "aws_security_group.main_db_access"
                    ],
                    "primary": {
                        "id": "sgrule-2858554970",
                        "attributes": {
                            "cidr_blocks.#": "1",
                            "cidr_blocks.0": "0.0.0.0/0",
                            "from_port": "0",
                            "id": "sgrule-2858554970",
                            "protocol": "-1",
                            "security_group_id": "sg-012d1d24a86c0c823",
                            "self": "false",
                            "to_port": "0",
                            "type": "egress"
                        },
                        "meta": {
                            "schema_version": "2"
                        },
                        "tainted": false
                    },
                    "deposed": [],
                    "provider": "provider.aws"
                },
                "aws_security_group_rule.allow_db_access": {
                    "type": "aws_security_group_rule",
                    "depends_on": [
                        "aws_security_group.main_db_access"
                    ],
                    "primary": {
                        "id": "sgrule-743567994",
                        "attributes": {
                            "cidr_blocks.#": "1",
                            "cidr_blocks.0": "10.50.0.0/16",
                            "from_port": "3306",
                            "id": "sgrule-743567994",
                            "protocol": "tcp",
                            "security_group_id": "sg-012d1d24a86c0c823",
                            "self": "false",
                            "to_port": "3306",
                            "type": "ingress"
                        },
                        "meta": {
                            "schema_version": "2"
                        },
                        "tainted": false
                    },
                    "deposed": [],
                    "provider": "provider.aws"
                }
            },
            "depends_on": []
        },
        {
            "path": [
                "root",
                "vpc"
            ],
            "outputs": {
                "cidr": {
                    "sensitive": false,
                    "type": "string",
                    "value": "10.50.0.0/16"
                },
                "igw_id": {
                    "sensitive": false,
                    "type": "string",
                    "value": "igw-060ce4a0714ab0e85"
                },
                "private_subnet": {
                    "sensitive": false,
                    "type": "string",
                    "value": "subnet-0eda4274163f08e8e"
                },
                "private_subnet2": {
                    "sensitive": false,
                    "type": "string",
                    "value": "subnet-0d9ad664d16741e5a"
                },
                "public_route_table_ids": {
                    "sensitive": false,
                    "type": "list",
                    "value": [
                        "rtb-0ef47f60ee835b633"
                    ]
                },
                "public_subnet": {
                    "sensitive": false,
                    "type": "string",
                    "value": "subnet-0b00d339249d5b579"
                },
                "public_subnet2": {
                    "sensitive": false,
                    "type": "string",
                    "value": "subnet-048b51017ee3b954c"
                },
                "vpc_id": {
                    "sensitive": false,
                    "type": "string",
                    "value": "vpc-053c40eb4f7d7e578"
                }
            },
            "resources": {
                "aws_eip.nat1": {
                    "type": "aws_eip",
                    "depends_on": [],
                    "primary": {
                        "id": "eipalloc-0f6d158fed5d252fc",
                        "attributes": {
                            "association_id": "",
                            "domain": "vpc",
                            "id": "eipalloc-0f6d158fed5d252fc",
                            "instance": "",
                            "network_interface": "",
                            "private_ip": "",
                            "public_ip": "35.174.220.48",
                            "tags.%": "0",
                            "vpc": "true"
                        },
                        "meta": {
                            "e2bfb730-ecaa-11e6-8f88-34363bc7c4c0": {
                                "delete": 180000000000,
                                "read": 900000000000,
                                "update": 300000000000
                            }
                        },
                        "tainted": false
                    },
                    "deposed": [],
                    "provider": "provider.aws"
                },
                "aws_eip.nat2": {
                    "type": "aws_eip",
                    "depends_on": [],
                    "primary": {
                        "id": "eipalloc-0fff859757f223862",
                        "attributes": {
                            "association_id": "",
                            "domain": "vpc",
                            "id": "eipalloc-0fff859757f223862",
                            "instance": "",
                            "network_interface": "",
                            "private_ip": "",
                            "public_ip": "35.175.62.244",
                            "tags.%": "0",
                            "vpc": "true"
                        },
                        "meta": {
                            "e2bfb730-ecaa-11e6-8f88-34363bc7c4c0": {
                                "delete": 180000000000,
                                "read": 900000000000,
                                "update": 300000000000
                            }
                        },
                        "tainted": false
                    },
                    "deposed": [],
                    "provider": "provider.aws"
                },
                "aws_internet_gateway.mod": {
                    "type": "aws_internet_gateway",
                    "depends_on": [
                        "aws_vpc.mod"
                    ],
                    "primary": {
                        "id": "igw-060ce4a0714ab0e85",
                        "attributes": {
                            "id": "igw-060ce4a0714ab0e85",
                            "tags.%": "3",
                            "tags.key": "t_environment",
                            "tags.propagate_at_launch": "1",
                            "tags.value": "Test",
                            "vpc_id": "vpc-053c40eb4f7d7e578"
                        },
                        "meta": {},
                        "tainted": false
                    },
                    "deposed": [],
                    "provider": "provider.aws"
                },
                "aws_nat_gateway.public": {
                    "type": "aws_nat_gateway",
                    "depends_on": [
                        "aws_eip.nat1",
                        "aws_internet_gateway.mod",
                        "aws_subnet.public"
                    ],
                    "primary": {
                        "id": "nat-09f2bda4753310af8",
                        "attributes": {
                            "allocation_id": "eipalloc-0f6d158fed5d252fc",
                            "id": "nat-09f2bda4753310af8",
                            "network_interface_id": "eni-0b99529325733d295",
                            "private_ip": "10.50.0.16",
                            "public_ip": "35.174.220.48",
                            "subnet_id": "subnet-0b00d339249d5b579",
                            "tags.%": "0"
                        },
                        "meta": {},
                        "tainted": false
                    },
                    "deposed": [],
                    "provider": "provider.aws"
                },
                "aws_nat_gateway.public2": {
                    "type": "aws_nat_gateway",
                    "depends_on": [
                        "aws_eip.nat2",
                        "aws_internet_gateway.mod",
                        "aws_subnet.public2"
                    ],
                    "primary": {
                        "id": "nat-01f39a7a8659b313e",
                        "attributes": {
                            "allocation_id": "eipalloc-0fff859757f223862",
                            "id": "nat-01f39a7a8659b313e",
                            "network_interface_id": "eni-095cd4f67938a6487",
                            "private_ip": "10.50.1.63",
                            "public_ip": "35.175.62.244",
                            "subnet_id": "subnet-048b51017ee3b954c",
                            "tags.%": "0"
                        },
                        "meta": {},
                        "tainted": false
                    },
                    "deposed": [],
                    "provider": "provider.aws"
                },
                "aws_route.private_nat_gateway_route1": {
                    "type": "aws_route",
                    "depends_on": [
                        "aws_nat_gateway.public",
                        "aws_route_table.private"
                    ],
                    "primary": {
                        "id": "r-rtb-0c48f2250971cd9881080289494",
                        "attributes": {
                            "destination_cidr_block": "0.0.0.0/0",
                            "destination_prefix_list_id": "",
                            "egress_only_gateway_id": "",
                            "gateway_id": "",
                            "id": "r-rtb-0c48f2250971cd9881080289494",
                            "instance_id": "",
                            "instance_owner_id": "",
                            "nat_gateway_id": "nat-09f2bda4753310af8",
                            "network_interface_id": "",
                            "origin": "CreateRoute",
                            "route_table_id": "rtb-0c48f2250971cd988",
                            "state": "active",
                            "vpc_peering_connection_id": ""
                        },
                        "meta": {
                            "e2bfb730-ecaa-11e6-8f88-34363bc7c4c0": {
                                "create": 120000000000,
                                "delete": 300000000000
                            }
                        },
                        "tainted": false
                    },
                    "deposed": [],
                    "provider": "provider.aws"
                },
                "aws_route.private_nat_gateway_route2": {
                    "type": "aws_route",
                    "depends_on": [
                        "aws_nat_gateway.public2",
                        "aws_route_table.private2"
                    ],
                    "primary": {
                        "id": "r-rtb-08ca4d52ca43eee301080289494",
                        "attributes": {
                            "destination_cidr_block": "0.0.0.0/0",
                            "destination_prefix_list_id": "",
                            "egress_only_gateway_id": "",
                            "gateway_id": "",
                            "id": "r-rtb-08ca4d52ca43eee301080289494",
                            "instance_id": "",
                            "instance_owner_id": "",
                            "nat_gateway_id": "nat-01f39a7a8659b313e",
                            "network_interface_id": "",
                            "origin": "CreateRoute",
                            "route_table_id": "rtb-08ca4d52ca43eee30",
                            "state": "active",
                            "vpc_peering_connection_id": ""
                        },
                        "meta": {
                            "e2bfb730-ecaa-11e6-8f88-34363bc7c4c0": {
                                "create": 120000000000,
                                "delete": 300000000000
                            }
                        },
                        "tainted": false
                    },
                    "deposed": [],
                    "provider": "provider.aws"
                },
                "aws_route.public_internet_gateway": {
                    "type": "aws_route",
                    "depends_on": [
                        "aws_internet_gateway.mod",
                        "aws_route_table.public"
                    ],
                    "primary": {
                        "id": "r-rtb-0ef47f60ee835b6331080289494",
                        "attributes": {
                            "destination_cidr_block": "0.0.0.0/0",
                            "destination_prefix_list_id": "",
                            "egress_only_gateway_id": "",
                            "gateway_id": "igw-060ce4a0714ab0e85",
                            "id": "r-rtb-0ef47f60ee835b6331080289494",
                            "instance_id": "",
                            "instance_owner_id": "",
                            "nat_gateway_id": "",
                            "network_interface_id": "",
                            "origin": "CreateRoute",
                            "route_table_id": "rtb-0ef47f60ee835b633",
                            "state": "active",
                            "vpc_peering_connection_id": ""
                        },
                        "meta": {
                            "e2bfb730-ecaa-11e6-8f88-34363bc7c4c0": {
                                "create": 120000000000,
                                "delete": 300000000000
                            }
                        },
                        "tainted": false
                    },
                    "deposed": [],
                    "provider": "provider.aws"
                },
                "aws_route_table.private": {
                    "type": "aws_route_table",
                    "depends_on": [
                        "aws_vpc.mod"
                    ],
                    "primary": {
                        "id": "rtb-0c48f2250971cd988",
                        "attributes": {
                            "id": "rtb-0c48f2250971cd988",
                            "propagating_vgws.#": "0",
                            "route.#": "0",
                            "tags.%": "3",
                            "tags.key": "t_environment",
                            "tags.propagate_at_launch": "1",
                            "tags.value": "Test",
                            "vpc_id": "vpc-053c40eb4f7d7e578"
                        },
                        "meta": {},
                        "tainted": false
                    },
                    "deposed": [],
                    "provider": "provider.aws"
                },
                "aws_route_table.private2": {
                    "type": "aws_route_table",
                    "depends_on": [
                        "aws_vpc.mod"
                    ],
                    "primary": {
                        "id": "rtb-08ca4d52ca43eee30",
                        "attributes": {
                            "id": "rtb-08ca4d52ca43eee30",
                            "propagating_vgws.#": "0",
                            "route.#": "0",
                            "tags.%": "3",
                            "tags.key": "t_environment",
                            "tags.propagate_at_launch": "1",
                            "tags.value": "Test",
                            "vpc_id": "vpc-053c40eb4f7d7e578"
                        },
                        "meta": {},
                        "tainted": false
                    },
                    "deposed": [],
                    "provider": "provider.aws"
                },
                "aws_route_table.public": {
                    "type": "aws_route_table",
                    "depends_on": [
                        "aws_vpc.mod"
                    ],
                    "primary": {
                        "id": "rtb-0ef47f60ee835b633",
                        "attributes": {
                            "id": "rtb-0ef47f60ee835b633",
                            "propagating_vgws.#": "0",
                            "route.#": "0",
                            "tags.%": "3",
                            "tags.key": "t_environment",
                            "tags.propagate_at_launch": "1",
                            "tags.value": "Test",
                            "vpc_id": "vpc-053c40eb4f7d7e578"
                        },
                        "meta": {},
                        "tainted": false
                    },
                    "deposed": [],
                    "provider": "provider.aws"
                },
                "aws_route_table_association.private": {
                    "type": "aws_route_table_association",
                    "depends_on": [
                        "aws_route_table.private",
                        "aws_subnet.private"
                    ],
                    "primary": {
                        "id": "rtbassoc-0e12dc441efe0ec54",
                        "attributes": {
                            "id": "rtbassoc-0e12dc441efe0ec54",
                            "route_table_id": "rtb-0c48f2250971cd988",
                            "subnet_id": "subnet-0eda4274163f08e8e"
                        },
                        "meta": {},
                        "tainted": false
                    },
                    "deposed": [],
                    "provider": "provider.aws"
                },
                "aws_route_table_association.private2": {
                    "type": "aws_route_table_association",
                    "depends_on": [
                        "aws_route_table.private2",
                        "aws_subnet.private2"
                    ],
                    "primary": {
                        "id": "rtbassoc-0b141ea0c57c65a77",
                        "attributes": {
                            "id": "rtbassoc-0b141ea0c57c65a77",
                            "route_table_id": "rtb-08ca4d52ca43eee30",
                            "subnet_id": "subnet-0d9ad664d16741e5a"
                        },
                        "meta": {},
                        "tainted": false
                    },
                    "deposed": [],
                    "provider": "provider.aws"
                },
                "aws_route_table_association.public": {
                    "type": "aws_route_table_association",
                    "depends_on": [
                        "aws_route_table.public",
                        "aws_subnet.public"
                    ],
                    "primary": {
                        "id": "rtbassoc-025ec911705f63587",
                        "attributes": {
                            "id": "rtbassoc-025ec911705f63587",
                            "route_table_id": "rtb-0ef47f60ee835b633",
                            "subnet_id": "subnet-0b00d339249d5b579"
                        },
                        "meta": {},
                        "tainted": false
                    },
                    "deposed": [],
                    "provider": "provider.aws"
                },
                "aws_route_table_association.public2": {
                    "type": "aws_route_table_association",
                    "depends_on": [
                        "aws_route_table.public",
                        "aws_subnet.public2"
                    ],
                    "primary": {
                        "id": "rtbassoc-0b13d09a4b1048143",
                        "attributes": {
                            "id": "rtbassoc-0b13d09a4b1048143",
                            "route_table_id": "rtb-0ef47f60ee835b633",
                            "subnet_id": "subnet-048b51017ee3b954c"
                        },
                        "meta": {},
                        "tainted": false
                    },
                    "deposed": [],
                    "provider": "provider.aws"
                },
                "aws_subnet.private": {
                    "type": "aws_subnet",
                    "depends_on": [
                        "aws_vpc.mod"
                    ],
                    "primary": {
                        "id": "subnet-0eda4274163f08e8e",
                        "attributes": {
                            "arn": "arn:aws:ec2:us-east-1:868142946333:subnet/subnet-0eda4274163f08e8e",
                            "assign_ipv6_address_on_creation": "false",
                            "availability_zone": "us-east-1a",
                            "cidr_block": "10.50.10.0/24",
                            "id": "subnet-0eda4274163f08e8e",
                            "map_public_ip_on_launch": "false",
                            "tags.%": "3",
                            "tags.key": "t_environment",
                            "tags.propagate_at_launch": "1",
                            "tags.value": "Test",
                            "vpc_id": "vpc-053c40eb4f7d7e578"
                        },
                        "meta": {
                            "e2bfb730-ecaa-11e6-8f88-34363bc7c4c0": {
                                "create": 600000000000,
                                "delete": 600000000000
                            },
                            "schema_version": "1"
                        },
                        "tainted": false
                    },
                    "deposed": [],
                    "provider": "provider.aws"
                },
                "aws_subnet.private2": {
                    "type": "aws_subnet",
                    "depends_on": [
                        "aws_vpc.mod"
                    ],
                    "primary": {
                        "id": "subnet-0d9ad664d16741e5a",
                        "attributes": {
                            "arn": "arn:aws:ec2:us-east-1:868142946333:subnet/subnet-0d9ad664d16741e5a",
                            "assign_ipv6_address_on_creation": "false",
                            "availability_zone": "us-east-1b",
                            "cidr_block": "10.50.11.0/24",
                            "id": "subnet-0d9ad664d16741e5a",
                            "map_public_ip_on_launch": "false",
                            "tags.%": "3",
                            "tags.key": "t_environment",
                            "tags.propagate_at_launch": "1",
                            "tags.value": "Test",
                            "vpc_id": "vpc-053c40eb4f7d7e578"
                        },
                        "meta": {
                            "e2bfb730-ecaa-11e6-8f88-34363bc7c4c0": {
                                "create": 600000000000,
                                "delete": 600000000000
                            },
                            "schema_version": "1"
                        },
                        "tainted": false
                    },
                    "deposed": [],
                    "provider": "provider.aws"
                },
                "aws_subnet.public": {
                    "type": "aws_subnet",
                    "depends_on": [
                        "aws_vpc.mod"
                    ],
                    "primary": {
                        "id": "subnet-0b00d339249d5b579",
                        "attributes": {
                            "arn": "arn:aws:ec2:us-east-1:868142946333:subnet/subnet-0b00d339249d5b579",
                            "assign_ipv6_address_on_creation": "false",
                            "availability_zone": "us-east-1a",
                            "cidr_block": "10.50.0.0/24",
                            "id": "subnet-0b00d339249d5b579",
                            "map_public_ip_on_launch": "true",
                            "tags.%": "3",
                            "tags.key": "t_environment",
                            "tags.propagate_at_launch": "1",
                            "tags.value": "Test",
                            "vpc_id": "vpc-053c40eb4f7d7e578"
                        },
                        "meta": {
                            "e2bfb730-ecaa-11e6-8f88-34363bc7c4c0": {
                                "create": 600000000000,
                                "delete": 600000000000
                            },
                            "schema_version": "1"
                        },
                        "tainted": false
                    },
                    "deposed": [],
                    "provider": "provider.aws"
                },
                "aws_subnet.public2": {
                    "type": "aws_subnet",
                    "depends_on": [
                        "aws_vpc.mod"
                    ],
                    "primary": {
                        "id": "subnet-048b51017ee3b954c",
                        "attributes": {
                            "arn": "arn:aws:ec2:us-east-1:868142946333:subnet/subnet-048b51017ee3b954c",
                            "assign_ipv6_address_on_creation": "false",
                            "availability_zone": "us-east-1b",
                            "cidr_block": "10.50.1.0/24",
                            "id": "subnet-048b51017ee3b954c",
                            "map_public_ip_on_launch": "true",
                            "tags.%": "3",
                            "tags.key": "t_environment",
                            "tags.propagate_at_launch": "1",
                            "tags.value": "Test",
                            "vpc_id": "vpc-053c40eb4f7d7e578"
                        },
                        "meta": {
                            "e2bfb730-ecaa-11e6-8f88-34363bc7c4c0": {
                                "create": 600000000000,
                                "delete": 600000000000
                            },
                            "schema_version": "1"
                        },
                        "tainted": false
                    },
                    "deposed": [],
                    "provider": "provider.aws"
                },
                "aws_vpc.mod": {
                    "type": "aws_vpc",
                    "depends_on": [],
                    "primary": {
                        "id": "vpc-053c40eb4f7d7e578",
                        "attributes": {
                            "arn": "arn:aws:ec2:us-east-1:868142946333:vpc/vpc-053c40eb4f7d7e578",
                            "assign_generated_ipv6_cidr_block": "false",
                            "cidr_block": "10.50.0.0/16",
                            "default_network_acl_id": "acl-0d327aa624a140445",
                            "default_route_table_id": "rtb-0e2f241085c0bf704",
                            "default_security_group_id": "sg-07c7936f108da620a",
                            "dhcp_options_id": "dopt-c71ad0bf",
                            "enable_classiclink": "false",
                            "enable_classiclink_dns_support": "false",
                            "enable_dns_hostnames": "true",
                            "enable_dns_support": "true",
                            "id": "vpc-053c40eb4f7d7e578",
                            "instance_tenancy": "default",
                            "main_route_table_id": "rtb-0e2f241085c0bf704",
                            "tags.%": "3",
                            "tags.key": "t_environment",
                            "tags.propagate_at_launch": "1",
                            "tags.value": "Test"
                        },
                        "meta": {
                            "schema_version": "1"
                        },
                        "tainted": false
                    },
                    "deposed": [],
                    "provider": "provider.aws"
                }
            },
            "depends_on": []
        }
    ]
}
