{
    "version": 3,
    "terraform_version": "0.11.8",
    "serial": 9,
    "lineage": "6c2400c1-4673-f274-7697-b9d88b43faa2",
    "modules": [
        {
            "path": [
                "root"
            ],
            "outputs": {},
            "resources": {},
            "depends_on": []
        },
        {
            "path": [
                "root",
                "bastion"
            ],
            "outputs": {},
            "resources": {
                "aws_autoscaling_group.bastion": {
                    "type": "aws_autoscaling_group",
                    "depends_on": [
                        "aws_launch_configuration.bastion"
                    ],
                    "primary": {
                        "id": "bastion-asg",
                        "attributes": {
                            "arn": "arn:aws:autoscaling:us-east-1:868142946333:autoScalingGroup:8baa75ae-43f5-458f-a83b-90ee2b1a2579:autoScalingGroupName/bastion-asg",
                            "availability_zones.#": "2",
                            "availability_zones.1305112097": "us-east-1b",
                            "availability_zones.3569565595": "us-east-1a",
                            "default_cooldown": "300",
                            "desired_capacity": "1",
                            "enabled_metrics.#": "0",
                            "force_delete": "false",
                            "health_check_grace_period": "100",
                            "health_check_type": "EC2",
                            "id": "bastion-asg",
                            "launch_configuration": "bastion-20181028154152342300000001",
                            "launch_template.#": "0",
                            "load_balancers.#": "0",
                            "max_size": "2",
                            "metrics_granularity": "1Minute",
                            "min_size": "1",
                            "name": "bastion-asg",
                            "placement_group": "",
                            "protect_from_scale_in": "false",
                            "service_linked_role_arn": "arn:aws:iam::868142946333:role/aws-service-role/autoscaling.amazonaws.com/AWSServiceRoleForAutoScaling",
                            "suspended_processes.#": "0",
                            "tag.#": "6",
                            "tag.1216083149.key": "t_role",
                            "tag.1216083149.propagate_at_launch": "true",
                            "tag.1216083149.value": "",
                            "tag.1329764357.key": "Name",
                            "tag.1329764357.propagate_at_launch": "true",
                            "tag.1329764357.value": "NSOT-bastion-mgt-server",
                            "tag.1339139582.key": "t_cost_centre",
                            "tag.1339139582.propagate_at_launch": "true",
                            "tag.1339139582.value": "",
                            "tag.1983129110.key": "t_responsible_individuals",
                            "tag.1983129110.propagate_at_launch": "true",
                            "tag.1983129110.value": "ops@ops.com",
                            "tag.2072434484.key": "t_owner_individual",
                            "tag.2072434484.propagate_at_launch": "true",
                            "tag.2072434484.value": "",
                            "tag.4114858308.key": "t_environment",
                            "tag.4114858308.propagate_at_launch": "true",
                            "tag.4114858308.value": "Test",
                            "target_group_arns.#": "0",
                            "termination_policies.#": "1",
                            "termination_policies.0": "OldestInstance",
                            "vpc_zone_identifier.#": "2",
                            "vpc_zone_identifier.2639627987": "subnet-0b65160e7aae9d686",
                            "vpc_zone_identifier.998869504": "subnet-02e447e568c6b1542",
                            "wait_for_capacity_timeout": "10m"
                        },
                        "meta": {
                            "e2bfb730-ecaa-11e6-8f88-34363bc7c4c0": {
                                "delete": 600000000000
                            }
                        },
                        "tainted": false
                    },
                    "deposed": [],
                    "provider": "provider.aws"
                },
                "aws_launch_configuration.bastion": {
                    "type": "aws_launch_configuration",
                    "depends_on": [
                        "aws_security_group.NSOT_region1",
                        "data.template_file.init"
                    ],
                    "primary": {
                        "id": "bastion-20181028154152342300000001",
                        "attributes": {
                            "associate_public_ip_address": "true",
                            "ebs_block_device.#": "0",
                            "ebs_optimized": "false",
                            "enable_monitoring": "true",
                            "ephemeral_block_device.#": "0",
                            "iam_instance_profile": "",
                            "id": "bastion-20181028154152342300000001",
                            "image_id": "ami-0ac019f4fcb7cb7e6",
                            "instance_type": "t2.micro",
                            "key_name": "nsot-admin-8dbbb31f20eeecd4",
                            "name": "bastion-20181028154152342300000001",
                            "name_prefix": "bastion-",
                            "placement_tenancy": "default",
                            "root_block_device.#": "0",
                            "security_groups.#": "1",
                            "security_groups.993173791": "sg-04ec1aa8e940c29d3",
                            "spot_price": "",
                            "user_data": "03125f96327672b38f6f69b9134b39e7e6c28e23",
                            "vpc_classic_link_id": "",
                            "vpc_classic_link_security_groups.#": "0"
                        },
                        "meta": {},
                        "tainted": false
                    },
                    "deposed": [],
                    "provider": "provider.aws"
                },
                "aws_security_group.NSOT_region1": {
                    "type": "aws_security_group",
                    "depends_on": [
                        "random_id.sshkey"
                    ],
                    "primary": {
                        "id": "sg-04ec1aa8e940c29d3",
                        "attributes": {
                            "arn": "arn:aws:ec2:us-east-1:868142946333:security-group/sg-04ec1aa8e940c29d3",
                            "description": "Allow incoming traffic",
                            "egress.#": "1",
                            "egress.482069346.cidr_blocks.#": "1",
                            "egress.482069346.cidr_blocks.0": "0.0.0.0/0",
                            "egress.482069346.description": "",
                            "egress.482069346.from_port": "0",
                            "egress.482069346.ipv6_cidr_blocks.#": "0",
                            "egress.482069346.prefix_list_ids.#": "0",
                            "egress.482069346.protocol": "-1",
                            "egress.482069346.security_groups.#": "0",
                            "egress.482069346.self": "false",
                            "egress.482069346.to_port": "0",
                            "id": "sg-04ec1aa8e940c29d3",
                            "ingress.#": "2",
                            "ingress.2541437006.cidr_blocks.#": "1",
                            "ingress.2541437006.cidr_blocks.0": "0.0.0.0/0",
                            "ingress.2541437006.description": "",
                            "ingress.2541437006.from_port": "22",
                            "ingress.2541437006.ipv6_cidr_blocks.#": "0",
                            "ingress.2541437006.prefix_list_ids.#": "0",
                            "ingress.2541437006.protocol": "tcp",
                            "ingress.2541437006.security_groups.#": "0",
                            "ingress.2541437006.self": "false",
                            "ingress.2541437006.to_port": "22",
                            "ingress.956249133.cidr_blocks.#": "1",
                            "ingress.956249133.cidr_blocks.0": "10.0.0.0/8",
                            "ingress.956249133.description": "",
                            "ingress.956249133.from_port": "0",
                            "ingress.956249133.ipv6_cidr_blocks.#": "0",
                            "ingress.956249133.prefix_list_ids.#": "0",
                            "ingress.956249133.protocol": "-1",
                            "ingress.956249133.security_groups.#": "0",
                            "ingress.956249133.self": "false",
                            "ingress.956249133.to_port": "0",
                            "name": "terraform-20181028153731195500000002",
                            "owner_id": "868142946333",
                            "revoke_rules_on_delete": "false",
                            "tags.%": "3",
                            "tags.key": "t_environment",
                            "tags.propagate_at_launch": "1",
                            "tags.value": "Test",
                            "vpc_id": "vpc-0cc285e58b599259b"
                        },
                        "meta": {
                            "e2bfb730-ecaa-11e6-8f88-34363bc7c4c0": {
                                "create": 600000000000,
                                "delete": 600000000000
                            },
                            "schema_version": "1"
                        },
                        "tainted": false
                    },
                    "deposed": [],
                    "provider": "provider.aws"
                },
                "data.template_file.init": {
                    "type": "template_file",
                    "depends_on": [],
                    "primary": {
                        "id": "e6fd091958eda5336a82b4f3da5a39efece9846f0d82330922258edfa89d3b85",
                        "attributes": {
                            "id": "e6fd091958eda5336a82b4f3da5a39efece9846f0d82330922258edfa89d3b85",
                            "rendered": "#cloud-config\nmanage_resolve_conf: true\nresolv_conf:\n  nameservers: ['8.8.8.8', '4.2.2.4']\n  options:\n    rotate: true\n    timeout: 1\nhostname: \"nsot-bastion\"\npackages:\n  - build-essential\n  - python-dev\n  - libffi-dev\n  - libssl-dev\n  - python\n  - python-pip\n  - git\n  - docker.io\n  - traceroute\n  - mtr\n\n",
                            "template": "#cloud-config\nmanage_resolve_conf: true\nresolv_conf:\n  nameservers: ['8.8.8.8', '4.2.2.4']\n  options:\n    rotate: true\n    timeout: 1\nhostname: \"nsot-bastion\"\npackages:\n  - build-essential\n  - python-dev\n  - libffi-dev\n  - libssl-dev\n  - python\n  - python-pip\n  - git\n  - docker.io\n  - traceroute\n  - mtr\n\n"
                        },
                        "meta": {},
                        "tainted": false
                    },
                    "deposed": [],
                    "provider": "provider.template"
                },
                "random_id.sshkey": {
                    "type": "random_id",
                    "depends_on": [],
                    "primary": {
                        "id": "LpiWNRegc64",
                        "attributes": {
                            "b64": "LpiWNRegc64",
                            "b64_std": "LpiWNRegc64=",
                            "b64_url": "LpiWNRegc64",
                            "byte_length": "8",
                            "dec": "3357598676978529198",
                            "hex": "2e98963517a073ae",
                            "id": "LpiWNRegc64"
                        },
                        "meta": {},
                        "tainted": false
                    },
                    "deposed": [],
                    "provider": "provider.random"
                }
            },
            "depends_on": []
        },
        {
            "path": [
                "root",
                "elb"
            ],
            "outputs": {
                "NSOT-ELB-DNS": {
                    "sensitive": false,
                    "type": "string",
                    "value": "NSOT-prod-elb-19419664.us-east-1.elb.amazonaws.com"
                },
                "elb_id": {
                    "sensitive": false,
                    "type": "string",
                    "value": "NSOT-prod-elb"
                }
            },
            "resources": {
                "aws_elb.NSOT": {
                    "type": "aws_elb",
                    "depends_on": [
                        "aws_security_group.NSOT_ELB"
                    ],
                    "primary": {
                        "id": "NSOT-prod-elb",
                        "attributes": {
                            "access_logs.#": "0",
                            "arn": "arn:aws:elasticloadbalancing:us-east-1:868142946333:loadbalancer/NSOT-prod-elb",
                            "availability_zones.#": "2",
                            "availability_zones.1305112097": "us-east-1b",
                            "availability_zones.3569565595": "us-east-1a",
                            "connection_draining": "true",
                            "connection_draining_timeout": "400",
                            "cross_zone_load_balancing": "true",
                            "dns_name": "NSOT-prod-elb-19419664.us-east-1.elb.amazonaws.com",
                            "health_check.#": "1",
                            "health_check.0.healthy_threshold": "2",
                            "health_check.0.interval": "30",
                            "health_check.0.target": "HTTP:8990/",
                            "health_check.0.timeout": "3",
                            "health_check.0.unhealthy_threshold": "2",
                            "id": "NSOT-prod-elb",
                            "idle_timeout": "400",
                            "instances.#": "0",
                            "internal": "false",
                            "listener.#": "1",
                            "listener.2516082653.instance_port": "8990",
                            "listener.2516082653.instance_protocol": "http",
                            "listener.2516082653.lb_port": "80",
                            "listener.2516082653.lb_protocol": "http",
                            "listener.2516082653.ssl_certificate_id": "",
                            "name": "NSOT-prod-elb",
                            "security_groups.#": "1",
                            "security_groups.860076185": "sg-0b5fe2e2d3f3a97c9",
                            "source_security_group": "868142946333/nsot-sg-f4b15d5ce5058643",
                            "source_security_group_id": "sg-0b5fe2e2d3f3a97c9",
                            "subnets.#": "2",
                            "subnets.2639627987": "subnet-0b65160e7aae9d686",
                            "subnets.998869504": "subnet-02e447e568c6b1542",
                            "tags.%": "1",
                            "tags.Name": "nsot-elb-tf",
                            "zone_id": "Z35SXDOTRQ7X7K"
                        },
                        "meta": {},
                        "tainted": false
                    },
                    "deposed": [],
                    "provider": "provider.aws"
                },
                "aws_security_group.NSOT_ELB": {
                    "type": "aws_security_group",
                    "depends_on": [
                        "random_id.sshkey2"
                    ],
                    "primary": {
                        "id": "sg-0b5fe2e2d3f3a97c9",
                        "attributes": {
                            "arn": "arn:aws:ec2:us-east-1:868142946333:security-group/sg-0b5fe2e2d3f3a97c9",
                            "description": "Allow incoming traffic",
                            "egress.#": "1",
                            "egress.482069346.cidr_blocks.#": "1",
                            "egress.482069346.cidr_blocks.0": "0.0.0.0/0",
                            "egress.482069346.description": "",
                            "egress.482069346.from_port": "0",
                            "egress.482069346.ipv6_cidr_blocks.#": "0",
                            "egress.482069346.prefix_list_ids.#": "0",
                            "egress.482069346.protocol": "-1",
                            "egress.482069346.security_groups.#": "0",
                            "egress.482069346.self": "false",
                            "egress.482069346.to_port": "0",
                            "id": "sg-0b5fe2e2d3f3a97c9",
                            "ingress.#": "1",
                            "ingress.2214680975.cidr_blocks.#": "1",
                            "ingress.2214680975.cidr_blocks.0": "0.0.0.0/0",
                            "ingress.2214680975.description": "",
                            "ingress.2214680975.from_port": "80",
                            "ingress.2214680975.ipv6_cidr_blocks.#": "0",
                            "ingress.2214680975.prefix_list_ids.#": "0",
                            "ingress.2214680975.protocol": "tcp",
                            "ingress.2214680975.security_groups.#": "0",
                            "ingress.2214680975.self": "false",
                            "ingress.2214680975.to_port": "80",
                            "name": "nsot-sg-f4b15d5ce5058643",
                            "owner_id": "868142946333",
                            "revoke_rules_on_delete": "false",
                            "tags.%": "2",
                            "tags.Name": "nsot-SG",
                            "tags.environment": "nsot test",
                            "vpc_id": "vpc-0cc285e58b599259b"
                        },
                        "meta": {
                            "e2bfb730-ecaa-11e6-8f88-34363bc7c4c0": {
                                "create": 600000000000,
                                "delete": 600000000000
                            },
                            "schema_version": "1"
                        },
                        "tainted": false
                    },
                    "deposed": [],
                    "provider": "provider.aws"
                },
                "random_id.sshkey2": {
                    "type": "random_id",
                    "depends_on": [],
                    "primary": {
                        "id": "9LFdXOUFhkM",
                        "attributes": {
                            "b64": "9LFdXOUFhkM",
                            "b64_std": "9LFdXOUFhkM=",
                            "b64_url": "9LFdXOUFhkM",
                            "byte_length": "8",
                            "dec": "17631976669692921411",
                            "hex": "f4b15d5ce5058643",
                            "id": "9LFdXOUFhkM"
                        },
                        "meta": {},
                        "tainted": false
                    },
                    "deposed": [],
                    "provider": "provider.random"
                }
            },
            "depends_on": []
        },
        {
            "path": [
                "root",
                "logs"
            ],
            "outputs": {},
            "resources": {},
            "depends_on": []
        },
        {
            "path": [
                "root",
                "nsot"
            ],
            "outputs": {
                "keyname": {
                    "sensitive": false,
                    "type": "string",
                    "value": "nsot-admin-8dbbb31f20eeecd4"
                },
                "keypath": {
                    "sensitive": false,
                    "type": "string",
                    "value": "ssh-rsa AAAAB3NzaC1yc2EAAAADAQABAAABAQC2+wwuWk9JGoQYAtCKxGxzO3hrpQ8bZjYjKoDgKVdV3UutkiFSdGmoBw+Y3s2GPYIbDUSILPnUepOa1/uOXD52alzHBIr6NuxV+xnPW1o4n8yqjkSH1wnqNq8zps0fGg2IlrvK6+MPZ8tfyVIgoNRtoUL/nqDTeH4xscgmNKFRv3357+2CJ5tOf9Idn3U/Yqj8kb0YLUX85DljLTxbSMzzFefP2mCH0EYCdMvHoaU3C7n+6s5OiYLqiRCjkQ95rXxEW3fQvRi99oOdqf+z8HuKZ8Cn8KTzdneXDiCRPMIun/hXMPvIS552An0aTNJFqjN7hEidhyY0V37PeyT6MWCf root@ubuntu"
                }
            },
            "resources": {
                "aws_key_pair.cosmos-admin": {
                    "type": "aws_key_pair",
                    "depends_on": [
                        "random_id.sshkey"
                    ],
                    "primary": {
                        "id": "nsot-admin-8dbbb31f20eeecd4",
                        "attributes": {
                            "fingerprint": "51:05:31:26:cb:9f:28:f3:76:c6:92:3c:c1:4d:ad:7f",
                            "id": "nsot-admin-8dbbb31f20eeecd4",
                            "key_name": "nsot-admin-8dbbb31f20eeecd4",
                            "public_key": "ssh-rsa AAAAB3NzaC1yc2EAAAADAQABAAABAQC2+wwuWk9JGoQYAtCKxGxzO3hrpQ8bZjYjKoDgKVdV3UutkiFSdGmoBw+Y3s2GPYIbDUSILPnUepOa1/uOXD52alzHBIr6NuxV+xnPW1o4n8yqjkSH1wnqNq8zps0fGg2IlrvK6+MPZ8tfyVIgoNRtoUL/nqDTeH4xscgmNKFRv3357+2CJ5tOf9Idn3U/Yqj8kb0YLUX85DljLTxbSMzzFefP2mCH0EYCdMvHoaU3C7n+6s5OiYLqiRCjkQ95rXxEW3fQvRi99oOdqf+z8HuKZ8Cn8KTzdneXDiCRPMIun/hXMPvIS552An0aTNJFqjN7hEidhyY0V37PeyT6MWCf root@ubuntu"
                        },
                        "meta": {
                            "schema_version": "1"
                        },
                        "tainted": false
                    },
                    "deposed": [],
                    "provider": "provider.aws"
                },
                "aws_security_group.cosmos-NSOT_region1": {
                    "type": "aws_security_group",
                    "depends_on": [
                        "random_id.sshkey"
                    ],
                    "primary": {
                        "id": "sg-0adcca8581096f946",
                        "attributes": {
                            "arn": "arn:aws:ec2:us-east-1:868142946333:security-group/sg-0adcca8581096f946",
                            "description": "Allow incoming traffic",
                            "egress.#": "1",
                            "egress.482069346.cidr_blocks.#": "1",
                            "egress.482069346.cidr_blocks.0": "0.0.0.0/0",
                            "egress.482069346.description": "",
                            "egress.482069346.from_port": "0",
                            "egress.482069346.ipv6_cidr_blocks.#": "0",
                            "egress.482069346.prefix_list_ids.#": "0",
                            "egress.482069346.protocol": "-1",
                            "egress.482069346.security_groups.#": "0",
                            "egress.482069346.self": "false",
                            "egress.482069346.to_port": "0",
                            "id": "sg-0adcca8581096f946",
                            "ingress.#": "3",
                            "ingress.179083333.cidr_blocks.#": "1",
                            "ingress.179083333.cidr_blocks.0": "10.0.0.0/8",
                            "ingress.179083333.description": "",
                            "ingress.179083333.from_port": "22",
                            "ingress.179083333.ipv6_cidr_blocks.#": "0",
                            "ingress.179083333.prefix_list_ids.#": "0",
                            "ingress.179083333.protocol": "tcp",
                            "ingress.179083333.security_groups.#": "0",
                            "ingress.179083333.self": "false",
                            "ingress.179083333.to_port": "22",
                            "ingress.452028301.cidr_blocks.#": "1",
                            "ingress.452028301.cidr_blocks.0": "0.0.0.0/0",
                            "ingress.452028301.description": "",
                            "ingress.452028301.from_port": "8990",
                            "ingress.452028301.ipv6_cidr_blocks.#": "0",
                            "ingress.452028301.prefix_list_ids.#": "0",
                            "ingress.452028301.protocol": "tcp",
                            "ingress.452028301.security_groups.#": "0",
                            "ingress.452028301.self": "false",
                            "ingress.452028301.to_port": "8990",
                            "ingress.956249133.cidr_blocks.#": "1",
                            "ingress.956249133.cidr_blocks.0": "10.0.0.0/8",
                            "ingress.956249133.description": "",
                            "ingress.956249133.from_port": "0",
                            "ingress.956249133.ipv6_cidr_blocks.#": "0",
                            "ingress.956249133.prefix_list_ids.#": "0",
                            "ingress.956249133.protocol": "-1",
                            "ingress.956249133.security_groups.#": "0",
                            "ingress.956249133.self": "false",
                            "ingress.956249133.to_port": "0",
                            "name": "terraform-20181028153731164500000001",
                            "owner_id": "868142946333",
                            "revoke_rules_on_delete": "false",
                            "tags.%": "3",
                            "tags.key": "t_environment",
                            "tags.propagate_at_launch": "1",
                            "tags.value": "Test",
                            "vpc_id": "vpc-0cc285e58b599259b"
                        },
                        "meta": {
                            "e2bfb730-ecaa-11e6-8f88-34363bc7c4c0": {
                                "create": 600000000000,
                                "delete": 600000000000
                            },
                            "schema_version": "1"
                        },
                        "tainted": false
                    },
                    "deposed": [],
                    "provider": "provider.aws"
                },
                "random_id.sshkey": {
                    "type": "random_id",
                    "depends_on": [],
                    "primary": {
                        "id": "jbuzHyDu7NQ",
                        "attributes": {
                            "b64": "jbuzHyDu7NQ",
                            "b64_std": "jbuzHyDu7NQ=",
                            "b64_url": "jbuzHyDu7NQ",
                            "byte_length": "8",
                            "dec": "10212953526270618836",
                            "hex": "8dbbb31f20eeecd4",
                            "id": "jbuzHyDu7NQ"
                        },
                        "meta": {},
                        "tainted": false
                    },
                    "deposed": [],
                    "provider": "provider.random"
                }
            },
            "depends_on": []
        },
        {
            "path": [
                "root",
                "rds"
            ],
            "outputs": {
                "security_group_id": {
                    "sensitive": false,
                    "type": "string",
                    "value": "sg-0667791f9a73aa771"
                },
                "subnet_group_id": {
                    "sensitive": false,
                    "type": "string",
                    "value": "nsottest-subnetgrp"
                }
            },
            "resources": {
                "aws_db_parameter_group.main_rds_instance": {
                    "type": "aws_db_parameter_group",
                    "depends_on": [],
                    "primary": {
                        "id": "nsottest-mysql56-custom-params",
                        "attributes": {
                            "arn": "arn:aws:rds:us-east-1:868142946333:pg:nsottest-mysql56-custom-params",
                            "description": "Managed by Terraform",
                            "family": "mysql5.6",
                            "id": "nsottest-mysql56-custom-params",
                            "name": "nsottest-mysql56-custom-params",
                            "parameter.#": "0",
                            "tags.%": "1",
                            "tags.Name": "nsottest"
                        },
                        "meta": {},
                        "tainted": false
                    },
                    "deposed": [],
                    "provider": "provider.aws"
                },
                "aws_db_subnet_group.main_db_subnet_group": {
                    "type": "aws_db_subnet_group",
                    "depends_on": [],
                    "primary": {
                        "id": "nsottest-subnetgrp",
                        "attributes": {
                            "arn": "arn:aws:rds:us-east-1:868142946333:subgrp:nsottest-subnetgrp",
                            "description": "RDS subnet group",
                            "id": "nsottest-subnetgrp",
                            "name": "nsottest-subnetgrp",
                            "subnet_ids.#": "2",
                            "subnet_ids.1436386965": "subnet-0fd7d47c5a9228f52",
                            "subnet_ids.176038616": "subnet-0d4cc395b60c79a54",
                            "tags.%": "1",
                            "tags.Name": "nsottest"
                        },
                        "meta": {},
                        "tainted": false
                    },
                    "deposed": [],
                    "provider": "provider.aws"
                },
                "aws_security_group.main_db_access": {
                    "type": "aws_security_group",
                    "depends_on": [],
                    "primary": {
                        "id": "sg-0667791f9a73aa771",
                        "attributes": {
                            "arn": "arn:aws:ec2:us-east-1:868142946333:security-group/sg-0667791f9a73aa771",
                            "description": "Allow access to the database",
                            "egress.#": "1",
                            "egress.482069346.cidr_blocks.#": "1",
                            "egress.482069346.cidr_blocks.0": "0.0.0.0/0",
                            "egress.482069346.description": "",
                            "egress.482069346.from_port": "0",
                            "egress.482069346.ipv6_cidr_blocks.#": "0",
                            "egress.482069346.prefix_list_ids.#": "0",
                            "egress.482069346.protocol": "-1",
                            "egress.482069346.security_groups.#": "0",
                            "egress.482069346.self": "false",
                            "egress.482069346.to_port": "0",
                            "id": "sg-0667791f9a73aa771",
                            "ingress.#": "1",
                            "ingress.2958639267.cidr_blocks.#": "1",
                            "ingress.2958639267.cidr_blocks.0": "10.50.0.0/16",
                            "ingress.2958639267.description": "",
                            "ingress.2958639267.from_port": "3306",
                            "ingress.2958639267.ipv6_cidr_blocks.#": "0",
                            "ingress.2958639267.prefix_list_ids.#": "0",
                            "ingress.2958639267.protocol": "tcp",
                            "ingress.2958639267.security_groups.#": "0",
                            "ingress.2958639267.self": "false",
                            "ingress.2958639267.to_port": "3306",
                            "name": "nsottest-access",
                            "owner_id": "868142946333",
                            "revoke_rules_on_delete": "false",
                            "tags.%": "1",
                            "tags.Name": "nsottest",
                            "vpc_id": "vpc-0cc285e58b599259b"
                        },
                        "meta": {
                            "e2bfb730-ecaa-11e6-8f88-34363bc7c4c0": {
                                "create": 600000000000,
                                "delete": 600000000000
                            },
                            "schema_version": "1"
                        },
                        "tainted": false
                    },
                    "deposed": [],
                    "provider": "provider.aws"
                },
                "aws_security_group_rule.allow_all_outbound": {
                    "type": "aws_security_group_rule",
                    "depends_on": [
                        "aws_security_group.main_db_access"
                    ],
                    "primary": {
                        "id": "sgrule-1053827220",
                        "attributes": {
                            "cidr_blocks.#": "1",
                            "cidr_blocks.0": "0.0.0.0/0",
                            "description": "",
                            "from_port": "0",
                            "id": "sgrule-1053827220",
                            "ipv6_cidr_blocks.#": "0",
                            "prefix_list_ids.#": "0",
                            "protocol": "-1",
                            "security_group_id": "sg-0667791f9a73aa771",
                            "self": "false",
                            "to_port": "0",
                            "type": "egress"
                        },
                        "meta": {
                            "schema_version": "2"
                        },
                        "tainted": false
                    },
                    "deposed": [],
                    "provider": "provider.aws"
                },
                "aws_security_group_rule.allow_db_access": {
                    "type": "aws_security_group_rule",
                    "depends_on": [
                        "aws_security_group.main_db_access"
                    ],
                    "primary": {
                        "id": "sgrule-3202132699",
                        "attributes": {
                            "cidr_blocks.#": "1",
                            "cidr_blocks.0": "10.50.0.0/16",
                            "description": "",
                            "from_port": "3306",
                            "id": "sgrule-3202132699",
                            "ipv6_cidr_blocks.#": "0",
                            "prefix_list_ids.#": "0",
                            "protocol": "tcp",
                            "security_group_id": "sg-0667791f9a73aa771",
                            "self": "false",
                            "to_port": "3306",
                            "type": "ingress"
                        },
                        "meta": {
                            "schema_version": "2"
                        },
                        "tainted": false
                    },
                    "deposed": [],
                    "provider": "provider.aws"
                }
            },
            "depends_on": []
        },
        {
            "path": [
                "root",
                "vpc"
            ],
            "outputs": {
                "cidr": {
                    "sensitive": false,
                    "type": "string",
                    "value": "10.50.0.0/16"
                },
                "igw_id": {
                    "sensitive": false,
                    "type": "string",
                    "value": "igw-0a8f91c52d71ea27f"
                },
                "private_subnet": {
                    "sensitive": false,
                    "type": "string",
                    "value": "subnet-0fd7d47c5a9228f52"
                },
                "private_subnet2": {
                    "sensitive": false,
                    "type": "string",
                    "value": "subnet-0d4cc395b60c79a54"
                },
                "public_route_table_ids": {
                    "sensitive": false,
                    "type": "list",
                    "value": [
                        "rtb-0db514d726f53bd64"
                    ]
                },
                "public_subnet": {
                    "sensitive": false,
                    "type": "string",
                    "value": "subnet-0b65160e7aae9d686"
                },
                "public_subnet2": {
                    "sensitive": false,
                    "type": "string",
                    "value": "subnet-02e447e568c6b1542"
                },
                "vpc_id": {
                    "sensitive": false,
                    "type": "string",
                    "value": "vpc-0cc285e58b599259b"
                }
            },
            "resources": {
                "aws_eip.nat1": {
                    "type": "aws_eip",
                    "depends_on": [],
                    "primary": {
                        "id": "eipalloc-06a85edb2550ca844",
                        "attributes": {
                            "association_id": "eipassoc-e2eddc49",
                            "domain": "vpc",
                            "id": "eipalloc-06a85edb2550ca844",
                            "instance": "",
                            "network_interface": "eni-0736f98921949031e",
                            "private_ip": "10.50.0.7",
                            "public_ip": "100.25.101.79",
                            "tags.%": "0",
                            "vpc": "true"
                        },
                        "meta": {
                            "e2bfb730-ecaa-11e6-8f88-34363bc7c4c0": {
                                "delete": 180000000000,
                                "read": 900000000000,
                                "update": 300000000000
                            }
                        },
                        "tainted": false
                    },
                    "deposed": [],
                    "provider": "provider.aws"
                },
                "aws_eip.nat2": {
                    "type": "aws_eip",
                    "depends_on": [],
                    "primary": {
                        "id": "eipalloc-001631ed1bbc89411",
                        "attributes": {
                            "association_id": "eipassoc-7db01081",
                            "domain": "vpc",
                            "id": "eipalloc-001631ed1bbc89411",
                            "instance": "",
                            "network_interface": "eni-0c70002a501c02266",
                            "private_ip": "10.50.1.234",
                            "public_ip": "34.238.208.154",
                            "tags.%": "0",
                            "vpc": "true"
                        },
                        "meta": {
                            "e2bfb730-ecaa-11e6-8f88-34363bc7c4c0": {
                                "delete": 180000000000,
                                "read": 900000000000,
                                "update": 300000000000
                            }
                        },
                        "tainted": false
                    },
                    "deposed": [],
                    "provider": "provider.aws"
                },
                "aws_internet_gateway.mod": {
                    "type": "aws_internet_gateway",
                    "depends_on": [
                        "aws_vpc.mod"
                    ],
                    "primary": {
                        "id": "igw-0a8f91c52d71ea27f",
                        "attributes": {
                            "id": "igw-0a8f91c52d71ea27f",
                            "tags.%": "3",
                            "tags.key": "t_environment",
                            "tags.propagate_at_launch": "1",
                            "tags.value": "Test",
                            "vpc_id": "vpc-0cc285e58b599259b"
                        },
                        "meta": {},
                        "tainted": false
                    },
                    "deposed": [],
                    "provider": "provider.aws"
                },
                "aws_nat_gateway.public": {
                    "type": "aws_nat_gateway",
                    "depends_on": [
                        "aws_eip.nat1",
                        "aws_internet_gateway.mod",
                        "aws_subnet.public"
                    ],
                    "primary": {
                        "id": "nat-07bb4e02402d839bc",
                        "attributes": {
                            "allocation_id": "eipalloc-06a85edb2550ca844",
                            "id": "nat-07bb4e02402d839bc",
                            "network_interface_id": "eni-0736f98921949031e",
                            "private_ip": "10.50.0.7",
                            "public_ip": "100.25.101.79",
                            "subnet_id": "subnet-0b65160e7aae9d686",
                            "tags.%": "0"
                        },
                        "meta": {},
                        "tainted": false
                    },
                    "deposed": [],
                    "provider": "provider.aws"
                },
                "aws_nat_gateway.public2": {
                    "type": "aws_nat_gateway",
                    "depends_on": [
                        "aws_eip.nat2",
                        "aws_internet_gateway.mod",
                        "aws_subnet.public2"
                    ],
                    "primary": {
                        "id": "nat-0c4ad76e36f44da1f",
                        "attributes": {
                            "allocation_id": "eipalloc-001631ed1bbc89411",
                            "id": "nat-0c4ad76e36f44da1f",
                            "network_interface_id": "eni-0c70002a501c02266",
                            "private_ip": "10.50.1.234",
                            "public_ip": "34.238.208.154",
                            "subnet_id": "subnet-02e447e568c6b1542",
                            "tags.%": "0"
                        },
                        "meta": {},
                        "tainted": false
                    },
                    "deposed": [],
                    "provider": "provider.aws"
                },
                "aws_route.private_nat_gateway_route1": {
                    "type": "aws_route",
                    "depends_on": [
                        "aws_nat_gateway.public",
                        "aws_route_table.private"
                    ],
                    "primary": {
                        "id": "r-rtb-05e1f8c50502513bd1080289494",
                        "attributes": {
                            "destination_cidr_block": "0.0.0.0/0",
                            "destination_prefix_list_id": "",
                            "egress_only_gateway_id": "",
                            "gateway_id": "",
                            "id": "r-rtb-05e1f8c50502513bd1080289494",
                            "instance_id": "",
                            "instance_owner_id": "",
                            "nat_gateway_id": "nat-07bb4e02402d839bc",
                            "network_interface_id": "",
                            "origin": "CreateRoute",
                            "route_table_id": "rtb-05e1f8c50502513bd",
                            "state": "active",
                            "vpc_peering_connection_id": ""
                        },
                        "meta": {
                            "e2bfb730-ecaa-11e6-8f88-34363bc7c4c0": {
                                "create": 120000000000,
                                "delete": 300000000000
                            }
                        },
                        "tainted": false
                    },
                    "deposed": [],
                    "provider": "provider.aws"
                },
                "aws_route.private_nat_gateway_route2": {
                    "type": "aws_route",
                    "depends_on": [
                        "aws_nat_gateway.public2",
                        "aws_route_table.private2"
                    ],
                    "primary": {
                        "id": "r-rtb-0ebf48cb359a7d5ea1080289494",
                        "attributes": {
                            "destination_cidr_block": "0.0.0.0/0",
                            "destination_prefix_list_id": "",
                            "egress_only_gateway_id": "",
                            "gateway_id": "",
                            "id": "r-rtb-0ebf48cb359a7d5ea1080289494",
                            "instance_id": "",
                            "instance_owner_id": "",
                            "nat_gateway_id": "nat-0c4ad76e36f44da1f",
                            "network_interface_id": "",
                            "origin": "CreateRoute",
                            "route_table_id": "rtb-0ebf48cb359a7d5ea",
                            "state": "active",
                            "vpc_peering_connection_id": ""
                        },
                        "meta": {
                            "e2bfb730-ecaa-11e6-8f88-34363bc7c4c0": {
                                "create": 120000000000,
                                "delete": 300000000000
                            }
                        },
                        "tainted": false
                    },
                    "deposed": [],
                    "provider": "provider.aws"
                },
                "aws_route.public_internet_gateway": {
                    "type": "aws_route",
                    "depends_on": [
                        "aws_internet_gateway.mod",
                        "aws_route_table.public"
                    ],
                    "primary": {
                        "id": "r-rtb-0db514d726f53bd641080289494",
                        "attributes": {
                            "destination_cidr_block": "0.0.0.0/0",
                            "destination_prefix_list_id": "",
                            "egress_only_gateway_id": "",
                            "gateway_id": "igw-0a8f91c52d71ea27f",
                            "id": "r-rtb-0db514d726f53bd641080289494",
                            "instance_id": "",
                            "instance_owner_id": "",
                            "nat_gateway_id": "",
                            "network_interface_id": "",
                            "origin": "CreateRoute",
                            "route_table_id": "rtb-0db514d726f53bd64",
                            "state": "active",
                            "vpc_peering_connection_id": ""
                        },
                        "meta": {
                            "e2bfb730-ecaa-11e6-8f88-34363bc7c4c0": {
                                "create": 120000000000,
                                "delete": 300000000000
                            }
                        },
                        "tainted": false
                    },
                    "deposed": [],
                    "provider": "provider.aws"
                },
                "aws_route_table.private": {
                    "type": "aws_route_table",
                    "depends_on": [
                        "aws_vpc.mod"
                    ],
                    "primary": {
                        "id": "rtb-05e1f8c50502513bd",
                        "attributes": {
                            "id": "rtb-05e1f8c50502513bd",
                            "propagating_vgws.#": "0",
                            "route.#": "1",
                            "route.1531780401.cidr_block": "0.0.0.0/0",
                            "route.1531780401.egress_only_gateway_id": "",
                            "route.1531780401.gateway_id": "",
                            "route.1531780401.instance_id": "",
                            "route.1531780401.ipv6_cidr_block": "",
                            "route.1531780401.nat_gateway_id": "nat-07bb4e02402d839bc",
                            "route.1531780401.network_interface_id": "",
                            "route.1531780401.vpc_peering_connection_id": "",
                            "tags.%": "3",
                            "tags.key": "t_environment",
                            "tags.propagate_at_launch": "1",
                            "tags.value": "Test",
                            "vpc_id": "vpc-0cc285e58b599259b"
                        },
                        "meta": {},
                        "tainted": false
                    },
                    "deposed": [],
                    "provider": "provider.aws"
                },
                "aws_route_table.private2": {
                    "type": "aws_route_table",
                    "depends_on": [
                        "aws_vpc.mod"
                    ],
                    "primary": {
                        "id": "rtb-0ebf48cb359a7d5ea",
                        "attributes": {
                            "id": "rtb-0ebf48cb359a7d5ea",
                            "propagating_vgws.#": "0",
                            "route.#": "1",
                            "route.3646109.cidr_block": "0.0.0.0/0",
                            "route.3646109.egress_only_gateway_id": "",
                            "route.3646109.gateway_id": "",
                            "route.3646109.instance_id": "",
                            "route.3646109.ipv6_cidr_block": "",
                            "route.3646109.nat_gateway_id": "nat-0c4ad76e36f44da1f",
                            "route.3646109.network_interface_id": "",
                            "route.3646109.vpc_peering_connection_id": "",
                            "tags.%": "3",
                            "tags.key": "t_environment",
                            "tags.propagate_at_launch": "1",
                            "tags.value": "Test",
                            "vpc_id": "vpc-0cc285e58b599259b"
                        },
                        "meta": {},
                        "tainted": false
                    },
                    "deposed": [],
                    "provider": "provider.aws"
                },
                "aws_route_table.public": {
                    "type": "aws_route_table",
                    "depends_on": [
                        "aws_vpc.mod"
                    ],
                    "primary": {
                        "id": "rtb-0db514d726f53bd64",
                        "attributes": {
                            "id": "rtb-0db514d726f53bd64",
                            "propagating_vgws.#": "0",
                            "route.#": "1",
                            "route.1638133882.cidr_block": "0.0.0.0/0",
                            "route.1638133882.egress_only_gateway_id": "",
                            "route.1638133882.gateway_id": "igw-0a8f91c52d71ea27f",
                            "route.1638133882.instance_id": "",
                            "route.1638133882.ipv6_cidr_block": "",
                            "route.1638133882.nat_gateway_id": "",
                            "route.1638133882.network_interface_id": "",
                            "route.1638133882.vpc_peering_connection_id": "",
                            "tags.%": "3",
                            "tags.key": "t_environment",
                            "tags.propagate_at_launch": "1",
                            "tags.value": "Test",
                            "vpc_id": "vpc-0cc285e58b599259b"
                        },
                        "meta": {},
                        "tainted": false
                    },
                    "deposed": [],
                    "provider": "provider.aws"
                },
                "aws_route_table_association.private": {
                    "type": "aws_route_table_association",
                    "depends_on": [
                        "aws_route_table.private",
                        "aws_subnet.private"
                    ],
                    "primary": {
                        "id": "rtbassoc-02b97c30a7297f2c0",
                        "attributes": {
                            "id": "rtbassoc-02b97c30a7297f2c0",
                            "route_table_id": "rtb-05e1f8c50502513bd",
                            "subnet_id": "subnet-0fd7d47c5a9228f52"
                        },
                        "meta": {},
                        "tainted": false
                    },
                    "deposed": [],
                    "provider": "provider.aws"
                },
                "aws_route_table_association.private2": {
                    "type": "aws_route_table_association",
                    "depends_on": [
                        "aws_route_table.private2",
                        "aws_subnet.private2"
                    ],
                    "primary": {
                        "id": "rtbassoc-0f4b4b268b7d8ba66",
                        "attributes": {
                            "id": "rtbassoc-0f4b4b268b7d8ba66",
                            "route_table_id": "rtb-0ebf48cb359a7d5ea",
                            "subnet_id": "subnet-0d4cc395b60c79a54"
                        },
                        "meta": {},
                        "tainted": false
                    },
                    "deposed": [],
                    "provider": "provider.aws"
                },
                "aws_route_table_association.public": {
                    "type": "aws_route_table_association",
                    "depends_on": [
                        "aws_route_table.public",
                        "aws_subnet.public"
                    ],
                    "primary": {
                        "id": "rtbassoc-09469897bf7153491",
                        "attributes": {
                            "id": "rtbassoc-09469897bf7153491",
                            "route_table_id": "rtb-0db514d726f53bd64",
                            "subnet_id": "subnet-0b65160e7aae9d686"
                        },
                        "meta": {},
                        "tainted": false
                    },
                    "deposed": [],
                    "provider": "provider.aws"
                },
                "aws_route_table_association.public2": {
                    "type": "aws_route_table_association",
                    "depends_on": [
                        "aws_route_table.public",
                        "aws_subnet.public2"
                    ],
                    "primary": {
                        "id": "rtbassoc-034a2753a0d3f4956",
                        "attributes": {
                            "id": "rtbassoc-034a2753a0d3f4956",
                            "route_table_id": "rtb-0db514d726f53bd64",
                            "subnet_id": "subnet-02e447e568c6b1542"
                        },
                        "meta": {},
                        "tainted": false
                    },
                    "deposed": [],
                    "provider": "provider.aws"
                },
                "aws_subnet.private": {
                    "type": "aws_subnet",
                    "depends_on": [
                        "aws_vpc.mod"
                    ],
                    "primary": {
                        "id": "subnet-0fd7d47c5a9228f52",
                        "attributes": {
                            "arn": "arn:aws:ec2:us-east-1:868142946333:subnet/subnet-0fd7d47c5a9228f52",
                            "assign_ipv6_address_on_creation": "false",
                            "availability_zone": "us-east-1a",
                            "cidr_block": "10.50.10.0/24",
                            "id": "subnet-0fd7d47c5a9228f52",
                            "map_public_ip_on_launch": "false",
                            "tags.%": "3",
                            "tags.key": "t_environment",
                            "tags.propagate_at_launch": "1",
                            "tags.value": "Test",
                            "vpc_id": "vpc-0cc285e58b599259b"
                        },
                        "meta": {
                            "e2bfb730-ecaa-11e6-8f88-34363bc7c4c0": {
                                "create": 600000000000,
                                "delete": 600000000000
                            },
                            "schema_version": "1"
                        },
                        "tainted": false
                    },
                    "deposed": [],
                    "provider": "provider.aws"
                },
                "aws_subnet.private2": {
                    "type": "aws_subnet",
                    "depends_on": [
                        "aws_vpc.mod"
                    ],
                    "primary": {
                        "id": "subnet-0d4cc395b60c79a54",
                        "attributes": {
                            "arn": "arn:aws:ec2:us-east-1:868142946333:subnet/subnet-0d4cc395b60c79a54",
                            "assign_ipv6_address_on_creation": "false",
                            "availability_zone": "us-east-1b",
                            "cidr_block": "10.50.11.0/24",
                            "id": "subnet-0d4cc395b60c79a54",
                            "map_public_ip_on_launch": "false",
                            "tags.%": "3",
                            "tags.key": "t_environment",
                            "tags.propagate_at_launch": "1",
                            "tags.value": "Test",
                            "vpc_id": "vpc-0cc285e58b599259b"
                        },
                        "meta": {
                            "e2bfb730-ecaa-11e6-8f88-34363bc7c4c0": {
                                "create": 600000000000,
                                "delete": 600000000000
                            },
                            "schema_version": "1"
                        },
                        "tainted": false
                    },
                    "deposed": [],
                    "provider": "provider.aws"
                },
                "aws_subnet.public": {
                    "type": "aws_subnet",
                    "depends_on": [
                        "aws_vpc.mod"
                    ],
                    "primary": {
                        "id": "subnet-0b65160e7aae9d686",
                        "attributes": {
                            "arn": "arn:aws:ec2:us-east-1:868142946333:subnet/subnet-0b65160e7aae9d686",
                            "assign_ipv6_address_on_creation": "false",
                            "availability_zone": "us-east-1a",
                            "cidr_block": "10.50.0.0/24",
                            "id": "subnet-0b65160e7aae9d686",
                            "map_public_ip_on_launch": "true",
                            "tags.%": "3",
                            "tags.key": "t_environment",
                            "tags.propagate_at_launch": "1",
                            "tags.value": "Test",
                            "vpc_id": "vpc-0cc285e58b599259b"
                        },
                        "meta": {
                            "e2bfb730-ecaa-11e6-8f88-34363bc7c4c0": {
                                "create": 600000000000,
                                "delete": 600000000000
                            },
                            "schema_version": "1"
                        },
                        "tainted": false
                    },
                    "deposed": [],
                    "provider": "provider.aws"
                },
                "aws_subnet.public2": {
                    "type": "aws_subnet",
                    "depends_on": [
                        "aws_vpc.mod"
                    ],
                    "primary": {
                        "id": "subnet-02e447e568c6b1542",
                        "attributes": {
                            "arn": "arn:aws:ec2:us-east-1:868142946333:subnet/subnet-02e447e568c6b1542",
                            "assign_ipv6_address_on_creation": "false",
                            "availability_zone": "us-east-1b",
                            "cidr_block": "10.50.1.0/24",
                            "id": "subnet-02e447e568c6b1542",
                            "map_public_ip_on_launch": "true",
                            "tags.%": "3",
                            "tags.key": "t_environment",
                            "tags.propagate_at_launch": "1",
                            "tags.value": "Test",
                            "vpc_id": "vpc-0cc285e58b599259b"
                        },
                        "meta": {
                            "e2bfb730-ecaa-11e6-8f88-34363bc7c4c0": {
                                "create": 600000000000,
                                "delete": 600000000000
                            },
                            "schema_version": "1"
                        },
                        "tainted": false
                    },
                    "deposed": [],
                    "provider": "provider.aws"
                },
                "aws_vpc.mod": {
                    "type": "aws_vpc",
                    "depends_on": [],
                    "primary": {
                        "id": "vpc-0cc285e58b599259b",
                        "attributes": {
                            "arn": "arn:aws:ec2:us-east-1:868142946333:vpc/vpc-0cc285e58b599259b",
                            "assign_generated_ipv6_cidr_block": "false",
                            "cidr_block": "10.50.0.0/16",
                            "default_network_acl_id": "acl-0c979aecdb5975b33",
                            "default_route_table_id": "rtb-06dbdc538ea333c95",
                            "default_security_group_id": "sg-0d9decdff445d2744",
                            "dhcp_options_id": "dopt-c71ad0bf",
                            "enable_classiclink": "false",
                            "enable_classiclink_dns_support": "false",
                            "enable_dns_hostnames": "true",
                            "enable_dns_support": "true",
                            "id": "vpc-0cc285e58b599259b",
                            "instance_tenancy": "default",
                            "main_route_table_id": "rtb-06dbdc538ea333c95",
                            "tags.%": "3",
                            "tags.key": "t_environment",
                            "tags.propagate_at_launch": "1",
                            "tags.value": "Test"
                        },
                        "meta": {
                            "schema_version": "1"
                        },
                        "tainted": false
                    },
                    "deposed": [],
                    "provider": "provider.aws"
                }
            },
            "depends_on": []
        }
    ]
}
